
Microsoft Visual Studio Solution File, Format Version 12.00
# Visual Studio 15
VisualStudioVersion = 15.0.27428.2015
MinimumVisualStudioVersion = 10.0.40219.1
Project("{FAE04EC0-301F-11D3-BF4B-00C04F79EFBC}") = "t1", "t1\t1.csproj", "{8649732A-9083-468E-8558-B7B8456E3E4C}"
EndProject
Global
	GlobalSection(SolutionConfigurationPlatforms) = preSolution
		Debug|Any CPU = Debug|Any CPU
		Release|Any CPU = Release|Any CPU
	EndGlobalSection
	GlobalSection(ProjectConfigurationPlatforms) = postSolution
		{8649732A-9083-468E-8558-B7B8456E3E4C}.Debug|Any CPU.ActiveCfg = Debug|Any CPU
		{8649732A-9083-468E-8558-B7B8456E3E4C}.Debug|Any CPU.Build.0 = Debug|Any CPU
		{8649732A-9083-468E-8558-B7B8456E3E4C}.Release|Any CPU.ActiveCfg = Release|Any CPU
		{8649732A-9083-468E-8558-B7B8456E3E4C}.Release|Any CPU.Build.0 = Release|Any CPU
	EndGlobalSection
	GlobalSection(SolutionProperties) = preSolution
		HideSolutionNode = FALSE
	EndGlobalSection
	GlobalSection(ExtensibilityGlobals) = postSolution
		SolutionGuid = {65A445BC-AD6C-4A3D-91B8-951E19597D14}
	EndGlobalSection
EndGlobal
